
Microsoft Visual Studio Solution File, Format Version 12.00
# Visual Studio Version 16
VisualStudioVersion = 16.0.29503.13
MinimumVisualStudioVersion = 10.0.40219.1
Project("{9A19103F-16F7-4668-BE54-9A1E7A4F7556}") = "EvolentContactInformation", "EvolentContactInformation\EvolentContactInformation.csproj", "{A0D07667-6661-47C2-B958-EF01BE2EB4EC}"
EndProject
Project("{9A19103F-16F7-4668-BE54-9A1E7A4F7556}") = "DAL", "ClassLibrary1\DAL.csproj", "{97B5268E-692A-49C2-869A-FF396D10543B}"
EndProject
Project("{FAE04EC0-301F-11D3-BF4B-00C04F79EFBC}") = "Test", "Test\Test.csproj", "{FCF46CCD-DD8E-4C1B-9F43-7D7564C9FD7F}"
EndProject
Global
	GlobalSection(SolutionConfigurationPlatforms) = preSolution
		Debug|Any CPU = Debug|Any CPU
		Release|Any CPU = Release|Any CPU
	EndGlobalSection
	GlobalSection(ProjectConfigurationPlatforms) = postSolution
		{A0D07667-6661-47C2-B958-EF01BE2EB4EC}.Debug|Any CPU.ActiveCfg = Debug|Any CPU
		{A0D07667-6661-47C2-B958-EF01BE2EB4EC}.Debug|Any CPU.Build.0 = Debug|Any CPU
		{A0D07667-6661-47C2-B958-EF01BE2EB4EC}.Release|Any CPU.ActiveCfg = Release|Any CPU
		{A0D07667-6661-47C2-B958-EF01BE2EB4EC}.Release|Any CPU.Build.0 = Release|Any CPU
		{97B5268E-692A-49C2-869A-FF396D10543B}.Debug|Any CPU.ActiveCfg = Debug|Any CPU
		{97B5268E-692A-49C2-869A-FF396D10543B}.Debug|Any CPU.Build.0 = Debug|Any CPU
		{97B5268E-692A-49C2-869A-FF396D10543B}.Release|Any CPU.ActiveCfg = Release|Any CPU
		{97B5268E-692A-49C2-869A-FF396D10543B}.Release|Any CPU.Build.0 = Release|Any CPU
		{FCF46CCD-DD8E-4C1B-9F43-7D7564C9FD7F}.Debug|Any CPU.ActiveCfg = Debug|Any CPU
		{FCF46CCD-DD8E-4C1B-9F43-7D7564C9FD7F}.Debug|Any CPU.Build.0 = Debug|Any CPU
		{FCF46CCD-DD8E-4C1B-9F43-7D7564C9FD7F}.Release|Any CPU.ActiveCfg = Release|Any CPU
		{FCF46CCD-DD8E-4C1B-9F43-7D7564C9FD7F}.Release|Any CPU.Build.0 = Release|Any CPU
	EndGlobalSection
	GlobalSection(SolutionProperties) = preSolution
		HideSolutionNode = FALSE
	EndGlobalSection
	GlobalSection(ExtensibilityGlobals) = postSolution
		SolutionGuid = {1795C415-AA34-471A-98A5-87985901D57A}
	EndGlobalSection
EndGlobal
